
Microsoft Visual Studio Solution File, Format Version 12.00
# Visual Studio Version 17
VisualStudioVersion = 17.0.31903.59
MinimumVisualStudioVersion = 10.0.40219.1
Project("{FAE04EC0-301F-11D3-BF4B-00C04F79EFBC}") = "TranscriptionFunctions", "TranscriptionFunctions\TranscriptionFunctions.csproj", "{17DE354B-24F2-4433-97BD-21D0ABA3CD64}"
EndProject
Project("{FAE04EC0-301F-11D3-BF4B-00C04F79EFBC}") = "TurnKeyOps.Services", "..\TurnKeyOps.Services\TurnKeyOps.Services.csproj", "{985FBF5F-45FC-4AFF-80D4-2B181E43372C}"
EndProject
Project("{FAE04EC0-301F-11D3-BF4B-00C04F79EFBC}") = "TurnKeyOps.Repositories", "..\TurnKeyOps.Repositories\TurnKeyOps.Repositories.csproj", "{626E9C4E-A660-49B6-AD9A-709F77CE54B9}"
EndProject
Project("{FAE04EC0-301F-11D3-BF4B-00C04F79EFBC}") = "TurnKeyOps.Lib", "..\TurnKeyOps.Lib\TurnKeyOps.Lib.csproj", "{DF397861-660D-42ED-9607-F2D285524D40}"
EndProject
Project("{FAE04EC0-301F-11D3-BF4B-00C04F79EFBC}") = "TurnKeyOps.AzureServices", "..\TurnKeyOps.AzureServices\TurnKeyOps.AzureServices.csproj", "{53BEFC56-EEBE-4DFA-A339-CD20F78D5600}"
EndProject
Global
	GlobalSection(SolutionConfigurationPlatforms) = preSolution
		Debug|Any CPU = Debug|Any CPU
		Debug|x64 = Debug|x64
		Debug|x86 = Debug|x86
		Release|Any CPU = Release|Any CPU
		Release|x64 = Release|x64
		Release|x86 = Release|x86
	EndGlobalSection
	GlobalSection(ProjectConfigurationPlatforms) = postSolution
		{17DE354B-24F2-4433-97BD-21D0ABA3CD64}.Debug|Any CPU.ActiveCfg = Debug|Any CPU
		{17DE354B-24F2-4433-97BD-21D0ABA3CD64}.Debug|Any CPU.Build.0 = Debug|Any CPU
		{17DE354B-24F2-4433-97BD-21D0ABA3CD64}.Debug|x64.ActiveCfg = Debug|Any CPU
		{17DE354B-24F2-4433-97BD-21D0ABA3CD64}.Debug|x64.Build.0 = Debug|Any CPU
		{17DE354B-24F2-4433-97BD-21D0ABA3CD64}.Debug|x86.ActiveCfg = Debug|Any CPU
		{17DE354B-24F2-4433-97BD-21D0ABA3CD64}.Debug|x86.Build.0 = Debug|Any CPU
		{17DE354B-24F2-4433-97BD-21D0ABA3CD64}.Release|Any CPU.ActiveCfg = Release|Any CPU
		{17DE354B-24F2-4433-97BD-21D0ABA3CD64}.Release|Any CPU.Build.0 = Release|Any CPU
		{17DE354B-24F2-4433-97BD-21D0ABA3CD64}.Release|x64.ActiveCfg = Release|Any CPU
		{17DE354B-24F2-4433-97BD-21D0ABA3CD64}.Release|x64.Build.0 = Release|Any CPU
		{17DE354B-24F2-4433-97BD-21D0ABA3CD64}.Release|x86.ActiveCfg = Release|Any CPU
		{17DE354B-24F2-4433-97BD-21D0ABA3CD64}.Release|x86.Build.0 = Release|Any CPU
		{985FBF5F-45FC-4AFF-80D4-2B181E43372C}.Debug|Any CPU.ActiveCfg = Debug|Any CPU
		{985FBF5F-45FC-4AFF-80D4-2B181E43372C}.Debug|Any CPU.Build.0 = Debug|Any CPU
		{985FBF5F-45FC-4AFF-80D4-2B181E43372C}.Debug|x64.ActiveCfg = Debug|Any CPU
		{985FBF5F-45FC-4AFF-80D4-2B181E43372C}.Debug|x64.Build.0 = Debug|Any CPU
		{985FBF5F-45FC-4AFF-80D4-2B181E43372C}.Debug|x86.ActiveCfg = Debug|Any CPU
		{985FBF5F-45FC-4AFF-80D4-2B181E43372C}.Debug|x86.Build.0 = Debug|Any CPU
		{985FBF5F-45FC-4AFF-80D4-2B181E43372C}.Release|Any CPU.ActiveCfg = Release|Any CPU
		{985FBF5F-45FC-4AFF-80D4-2B181E43372C}.Release|Any CPU.Build.0 = Release|Any CPU
		{985FBF5F-45FC-4AFF-80D4-2B181E43372C}.Release|x64.ActiveCfg = Release|Any CPU
		{985FBF5F-45FC-4AFF-80D4-2B181E43372C}.Release|x64.Build.0 = Release|Any CPU
		{985FBF5F-45FC-4AFF-80D4-2B181E43372C}.Release|x86.ActiveCfg = Release|Any CPU
		{985FBF5F-45FC-4AFF-80D4-2B181E43372C}.Release|x86.Build.0 = Release|Any CPU
		{626E9C4E-A660-49B6-AD9A-709F77CE54B9}.Debug|Any CPU.ActiveCfg = Debug|Any CPU
		{626E9C4E-A660-49B6-AD9A-709F77CE54B9}.Debug|Any CPU.Build.0 = Debug|Any CPU
		{626E9C4E-A660-49B6-AD9A-709F77CE54B9}.Debug|x64.ActiveCfg = Debug|Any CPU
		{626E9C4E-A660-49B6-AD9A-709F77CE54B9}.Debug|x64.Build.0 = Debug|Any CPU
		{626E9C4E-A660-49B6-AD9A-709F77CE54B9}.Debug|x86.ActiveCfg = Debug|Any CPU
		{626E9C4E-A660-49B6-AD9A-709F77CE54B9}.Debug|x86.Build.0 = Debug|Any CPU
		{626E9C4E-A660-49B6-AD9A-709F77CE54B9}.Release|Any CPU.ActiveCfg = Release|Any CPU
		{626E9C4E-A660-49B6-AD9A-709F77CE54B9}.Release|Any CPU.Build.0 = Release|Any CPU
		{626E9C4E-A660-49B6-AD9A-709F77CE54B9}.Release|x64.ActiveCfg = Release|Any CPU
		{626E9C4E-A660-49B6-AD9A-709F77CE54B9}.Release|x64.Build.0 = Release|Any CPU
		{626E9C4E-A660-49B6-AD9A-709F77CE54B9}.Release|x86.ActiveCfg = Release|Any CPU
		{626E9C4E-A660-49B6-AD9A-709F77CE54B9}.Release|x86.Build.0 = Release|Any CPU
		{DF397861-660D-42ED-9607-F2D285524D40}.Debug|Any CPU.ActiveCfg = Debug|Any CPU
		{DF397861-660D-42ED-9607-F2D285524D40}.Debug|Any CPU.Build.0 = Debug|Any CPU
		{DF397861-660D-42ED-9607-F2D285524D40}.Debug|x64.ActiveCfg = Debug|Any CPU
		{DF397861-660D-42ED-9607-F2D285524D40}.Debug|x64.Build.0 = Debug|Any CPU
		{DF397861-660D-42ED-9607-F2D285524D40}.Debug|x86.ActiveCfg = Debug|Any CPU
		{DF397861-660D-42ED-9607-F2D285524D40}.Debug|x86.Build.0 = Debug|Any CPU
		{DF397861-660D-42ED-9607-F2D285524D40}.Release|Any CPU.ActiveCfg = Release|Any CPU
		{DF397861-660D-42ED-9607-F2D285524D40}.Release|Any CPU.Build.0 = Release|Any CPU
		{DF397861-660D-42ED-9607-F2D285524D40}.Release|x64.ActiveCfg = Release|Any CPU
		{DF397861-660D-42ED-9607-F2D285524D40}.Release|x64.Build.0 = Release|Any CPU
		{DF397861-660D-42ED-9607-F2D285524D40}.Release|x86.ActiveCfg = Release|Any CPU
		{DF397861-660D-42ED-9607-F2D285524D40}.Release|x86.Build.0 = Release|Any CPU
		{53BEFC56-EEBE-4DFA-A339-CD20F78D5600}.Debug|Any CPU.ActiveCfg = Debug|Any CPU
		{53BEFC56-EEBE-4DFA-A339-CD20F78D5600}.Debug|Any CPU.Build.0 = Debug|Any CPU
		{53BEFC56-EEBE-4DFA-A339-CD20F78D5600}.Debug|x64.ActiveCfg = Debug|Any CPU
		{53BEFC56-EEBE-4DFA-A339-CD20F78D5600}.Debug|x64.Build.0 = Debug|Any CPU
		{53BEFC56-EEBE-4DFA-A339-CD20F78D5600}.Debug|x86.ActiveCfg = Debug|Any CPU
		{53BEFC56-EEBE-4DFA-A339-CD20F78D5600}.Debug|x86.Build.0 = Debug|Any CPU
		{53BEFC56-EEBE-4DFA-A339-CD20F78D5600}.Release|Any CPU.ActiveCfg = Release|Any CPU
		{53BEFC56-EEBE-4DFA-A339-CD20F78D5600}.Release|Any CPU.Build.0 = Release|Any CPU
		{53BEFC56-EEBE-4DFA-A339-CD20F78D5600}.Release|x64.ActiveCfg = Release|Any CPU
		{53BEFC56-EEBE-4DFA-A339-CD20F78D5600}.Release|x64.Build.0 = Release|Any CPU
		{53BEFC56-EEBE-4DFA-A339-CD20F78D5600}.Release|x86.ActiveCfg = Release|Any CPU
		{53BEFC56-EEBE-4DFA-A339-CD20F78D5600}.Release|x86.Build.0 = Release|Any CPU
	EndGlobalSection
	GlobalSection(SolutionProperties) = preSolution
		HideSolutionNode = FALSE
	EndGlobalSection
EndGlobal
